
Microsoft Visual Studio Solution File, Format Version 12.00
Project("{FAE04EC0-301F-11D3-BF4B-00C04F79EFBC}") = "HW2", "HW2\HW2.csproj", "{F789052E-816F-4695-B5C4-15F02A99BEE5}"
EndProject
Project("{FAE04EC0-301F-11D3-BF4B-00C04F79EFBC}") = "TestHW2", "TestHW2\TestHW2.csproj", "{01E7CBBD-42F3-4EAF-8432-9C718FACF8C8}"
EndProject
Global
	GlobalSection(SolutionConfigurationPlatforms) = preSolution
		Debug|Any CPU = Debug|Any CPU
		Release|Any CPU = Release|Any CPU
	EndGlobalSection
	GlobalSection(ProjectConfigurationPlatforms) = postSolution
		{F789052E-816F-4695-B5C4-15F02A99BEE5}.Debug|Any CPU.ActiveCfg = Debug|Any CPU
		{F789052E-816F-4695-B5C4-15F02A99BEE5}.Debug|Any CPU.Build.0 = Debug|Any CPU
		{F789052E-816F-4695-B5C4-15F02A99BEE5}.Release|Any CPU.ActiveCfg = Release|Any CPU
		{F789052E-816F-4695-B5C4-15F02A99BEE5}.Release|Any CPU.Build.0 = Release|Any CPU
		{01E7CBBD-42F3-4EAF-8432-9C718FACF8C8}.Debug|Any CPU.ActiveCfg = Debug|Any CPU
		{01E7CBBD-42F3-4EAF-8432-9C718FACF8C8}.Debug|Any CPU.Build.0 = Debug|Any CPU
		{01E7CBBD-42F3-4EAF-8432-9C718FACF8C8}.Release|Any CPU.ActiveCfg = Release|Any CPU
		{01E7CBBD-42F3-4EAF-8432-9C718FACF8C8}.Release|Any CPU.Build.0 = Release|Any CPU
	EndGlobalSection
EndGlobal
